
Microsoft Visual Studio Solution File, Format Version 12.00
# Visual Studio 15
VisualStudioVersion = 15.0.26430.16
MinimumVisualStudioVersion = 10.0.40219.1
Project("{E24C65DC-7377-472B-9ABA-BC803B73C61A}") = "Web", ".", "{0EF56114-B920-4E23-82D7-B4F487DE816A}"
	ProjectSection(WebsiteProperties) = preProject
		TargetFrameworkMoniker = ".NETFramework,Version%3Dv4.7"
		Debug.AspNetCompiler.VirtualPath = "/localhost_13939"
		Debug.AspNetCompiler.PhysicalPath = "D:\OneDrive\Documents\Web\"
		Debug.AspNetCompiler.TargetPath = "PrecompiledWeb\localhost_13939\"
		Debug.AspNetCompiler.Updateable = "true"
		Debug.AspNetCompiler.ForceOverwrite = "true"
		Debug.AspNetCompiler.FixedNames = "false"
		Debug.AspNetCompiler.Debug = "True"
		Release.AspNetCompiler.VirtualPath = "/localhost_13939"
		Release.AspNetCompiler.PhysicalPath = "D:\OneDrive\Documents\Web\"
		Release.AspNetCompiler.TargetPath = "PrecompiledWeb\localhost_13939\"
		Release.AspNetCompiler.Updateable = "true"
		Release.AspNetCompiler.ForceOverwrite = "true"
		Release.AspNetCompiler.FixedNames = "false"
		Release.AspNetCompiler.Debug = "False"
		VWDPort = "13939"
	EndProjectSection
EndProject
Global
	GlobalSection(SolutionConfigurationPlatforms) = preSolution
		Debug|Any CPU = Debug|Any CPU
	EndGlobalSection
	GlobalSection(ProjectConfigurationPlatforms) = postSolution
		{0EF56114-B920-4E23-82D7-B4F487DE816A}.Debug|Any CPU.ActiveCfg = Debug|Any CPU
		{0EF56114-B920-4E23-82D7-B4F487DE816A}.Debug|Any CPU.Build.0 = Debug|Any CPU
	EndGlobalSection
	GlobalSection(SolutionProperties) = preSolution
		HideSolutionNode = FALSE
	EndGlobalSection
EndGlobal
